{
  "requires": true,
  "lockfileVersion": 1,
  "dependencies": {
    "@hai2007/algorithm": {
      "version": "0.5.1",
      "resolved": "https://registry.npmjs.org/@hai2007/algorithm/-/algorithm-0.5.1.tgz",
      "integrity": "sha512-HhnZMyfWx90cTnIC58kZh2XuKCUxfUjd8Pxf+MXSQ1zLm3kUK6tzR5f882vI+yHoBBQbsDJ5QDwDokFky0Y84g==",
      "requires": {
        "@hai2007/tool": "^0.6.0"
      },
      "dependencies": {
        "@hai2007/tool": {
          "version": "0.6.6",
          "resolved": "https://registry.npmjs.org/@hai2007/tool/-/tool-0.6.6.tgz",
          "integrity": "sha512-NY+oSmnB2ihepJBDFw+2S6vUvJ+lj9AtibioWBbkEn2w/QOY+wNKBT1xgg0nstxx5ljWLd2oS9WqOPY/q7rICA=="
        }
      }
    },
    "@hai2007/nodejs": {
      "version": "1.0.1",
      "resolved": "https://registry.npmjs.org/@hai2007/nodejs/-/nodejs-1.0.1.tgz",
      "integrity": "sha512-46jQfpznqST2mp6nxq/f96AjnXe1e86MzVv+UoCCrLnQP3eSV+9hultyupfAXvjvb5gG4P9LH9ITtnm0wz7qmQ==",
      "requires": {
        "@hai2007/tool": "^0.6.1"
      },
      "dependencies": {
        "@hai2007/tool": {
          "version": "0.6.6",
          "resolved": "https://registry.npmjs.org/@hai2007/tool/-/tool-0.6.6.tgz",
          "integrity": "sha512-NY+oSmnB2ihepJBDFw+2S6vUvJ+lj9AtibioWBbkEn2w/QOY+wNKBT1xgg0nstxx5ljWLd2oS9WqOPY/q7rICA=="
        }
      }
    },
    "@hai2007/tool": {
      "version": "0.8.2",
      "resolved": "https://registry.npmjs.org/@hai2007/tool/-/tool-0.8.2.tgz",
      "integrity": "sha512-7WvPp4Zq/VYesCB3wxJRYDFSEHv15P/H2u1j63HzXZF32iA+ZzH7AZg4mkZNBwLiOmRdWM4S4rnT2h1pM8bvow=="
    },
    "clunch": {
      "version": "1.8.0-alpha.1",
      "resolved": "https://registry.npmjs.org/clunch/-/clunch-1.8.0-alpha.1.tgz",
      "integrity": "sha512-xElhXdfmrgo7H7zo9mD8PvzdzaWabMY+keATn6TtRAK6ngDzW/NX0ew5mgRIJU5F+g3TxJchG2nS69jdgSf6Hw==",
      "requires": {
        "@hai2007/algorithm": "^0.5.1",
        "@hai2007/nodejs": "^1.0.1",
        "@hai2007/tool": "^0.8.2"
      }
    }
  }
}
